// !$*UTF8*$!
{
	archiveVersion = 1;
	classes = {
	};
	objectVersion = 46;
	objects = {

/* Begin PBXBuildFile section */
		ECFE950419593358001575C3 /* Foundation.framework in Frameworks */ = {isa = PBXBuildFile; fileRef = ECFE950319593358001575C3 /* Foundation.framework */; };
		ECFE950619593358001575C3 /* CoreGraphics.framework in Frameworks */ = {isa = PBXBuildFile; fileRef = ECFE950519593358001575C3 /* CoreGraphics.framework */; };
		ECFE950819593358001575C3 /* UIKit.framework in Frameworks */ = {isa = PBXBuildFile; fileRef = ECFE950719593358001575C3 /* UIKit.framework */; };
		ECFE950E19593358001575C3 /* InfoPlist.strings in Resources */ = {isa = PBXBuildFile; fileRef = ECFE950C19593358001575C3 /* InfoPlist.strings */; };
		ECFE951019593358001575C3 /* main.m in Sources */ = {isa = PBXBuildFile; fileRef = ECFE950F19593358001575C3 /* main.m */; };
		ECFE951419593358001575C3 /* AppDelegate.m in Sources */ = {isa = PBXBuildFile; fileRef = ECFE951319593358001575C3 /* AppDelegate.m */; };
		ECFE951719593358001575C3 /* Main_iPhone.storyboard in Resources */ = {isa = PBXBuildFile; fileRef = ECFE951519593358001575C3 /* Main_iPhone.storyboard */; };
		ECFE951A19593358001575C3 /* Main_iPad.storyboard in Resources */ = {isa = PBXBuildFile; fileRef = ECFE951819593358001575C3 /* Main_iPad.storyboard */; };
		ECFE951D19593358001575C3 /* MainViewController.m in Sources */ = {isa = PBXBuildFile; fileRef = ECFE951C19593358001575C3 /* MainViewController.m */; };
		ECFE952019593358001575C3 /* FlipsideViewController.m in Sources */ = {isa = PBXBuildFile; fileRef = ECFE951F19593358001575C3 /* FlipsideViewController.m */; };
		ECFE952219593358001575C3 /* Images.xcassets in Resources */ = {isa = PBXBuildFile; fileRef = ECFE952119593358001575C3 /* Images.xcassets */; };
		ECFE952919593358001575C3 /* XCTest.framework in Frameworks */ = {isa = PBXBuildFile; fileRef = ECFE952819593358001575C3 /* XCTest.framework */; };
		ECFE952A19593358001575C3 /* Foundation.framework in Frameworks */ = {isa = PBXBuildFile; fileRef = ECFE950319593358001575C3 /* Foundation.framework */; };
		ECFE952B19593358001575C3 /* UIKit.framework in Frameworks */ = {isa = PBXBuildFile; fileRef = ECFE950719593358001575C3 /* UIKit.framework */; };
		ECFE953319593358001575C3 /* InfoPlist.strings in Resources */ = {isa = PBXBuildFile; fileRef = ECFE953119593358001575C3 /* InfoPlist.strings */; };
		ECFE953519593358001575C3 /* LeeJack_TestTests.m in Sources */ = {isa = PBXBuildFile; fileRef = ECFE953419593358001575C3 /* LeeJack_TestTests.m */; };
/* End PBXBuildFile section */

/* Begin PBXContainerItemProxy section */
		ECFE952C19593358001575C3 /* PBXContainerItemProxy */ = {
			isa = PBXContainerItemProxy;
			containerPortal = ECFE94F819593358001575C3 /* Project object */;
			proxyType = 1;
			remoteGlobalIDString = ECFE94FF19593358001575C3;
			remoteInfo = LeeJack_Test;
		};
/* End PBXContainerItemProxy section */

/* Begin PBXFileReference section */
		ECFE950019593358001575C3 /* LeeJack_Test.app */ = {isa = PBXFileReference; explicitFileType = wrapper.application; includeInIndex = 0; path = LeeJack_Test.app; sourceTree = BUILT_PRODUCTS_DIR; };
		ECFE950319593358001575C3 /* Foundation.framework */ = {isa = PBXFileReference; lastKnownFileType = wrapper.framework; name = Foundation.framework; path = System/Library/Frameworks/Foundation.framework; sourceTree = SDKROOT; };
		ECFE950519593358001575C3 /* CoreGraphics.framework */ = {isa = PBXFileReference; lastKnownFileType = wrapper.framework; name = CoreGraphics.framework; path = System/Library/Frameworks/CoreGraphics.framework; sourceTree = SDKROOT; };
		ECFE950719593358001575C3 /* UIKit.framework */ = {isa = PBXFileReference; lastKnownFileType = wrapper.framework; name = UIKit.framework; path = System/Library/Frameworks/UIKit.framework; sourceTree = SDKROOT; };
		ECFE950B19593358001575C3 /* LeeJack_Test-Info.plist */ = {isa = PBXFileReference; lastKnownFileType = text.plist.xml; path = "LeeJack_Test-Info.plist"; sourceTree = "<group>"; };
		ECFE950D19593358001575C3 /* en */ = {isa = PBXFileReference; lastKnownFileType = text.plist.strings; name = en; path = en.lproj/InfoPlist.strings; sourceTree = "<group>"; };
		ECFE950F19593358001575C3 /* main.m */ = {isa = PBXFileReference; lastKnownFileType = sourcecode.c.objc; path = main.m; sourceTree = "<group>"; };
		ECFE951119593358001575C3 /* LeeJack_Test-Prefix.pch */ = {isa = PBXFileReference; lastKnownFileType = sourcecode.c.h; path = "LeeJack_Test-Prefix.pch"; sourceTree = "<group>"; };
		ECFE951219593358001575C3 /* AppDelegate.h */ = {isa = PBXFileReference; lastKnownFileType = sourcecode.c.h; path = AppDelegate.h; sourceTree = "<group>"; };
		ECFE951319593358001575C3 /* AppDelegate.m */ = {isa = PBXFileReference; lastKnownFileType = sourcecode.c.objc; path = AppDelegate.m; sourceTree = "<group>"; };
		ECFE951619593358001575C3 /* Base */ = {isa = PBXFileReference; lastKnownFileType = file.storyboard; name = Base; path = Base.lproj/Main_iPhone.storyboard; sourceTree = "<group>"; };
		ECFE951919593358001575C3 /* Base */ = {isa = PBXFileReference; lastKnownFileType = file.storyboard; name = Base; path = Base.lproj/Main_iPad.storyboard; sourceTree = "<group>"; };
		ECFE951B19593358001575C3 /* MainViewController.h */ = {isa = PBXFileReference; lastKnownFileType = sourcecode.c.h; path = MainViewController.h; sourceTree = "<group>"; };
		ECFE951C19593358001575C3 /* MainViewController.m */ = {isa = PBXFileReference; lastKnownFileType = sourcecode.c.objc; path = MainViewController.m; sourceTree = "<group>"; };
		ECFE951E19593358001575C3 /* FlipsideViewController.h */ = {isa = PBXFileReference; lastKnownFileType = sourcecode.c.h; path = FlipsideViewController.h; sourceTree = "<group>"; };
		ECFE951F19593358001575C3 /* FlipsideViewController.m */ = {isa = PBXFileReference; lastKnownFileType = sourcecode.c.objc; path = FlipsideViewController.m; sourceTree = "<group>"; };
		ECFE952119593358001575C3 /* Images.xcassets */ = {isa = PBXFileReference; lastKnownFileType = folder.assetcatalog; path = Images.xcassets; sourceTree = "<group>"; };
		ECFE952719593358001575C3 /* LeeJack_TestTests.xctest */ = {isa = PBXFileReference; explicitFileType = wrapper.cfbundle; includeInIndex = 0; path = LeeJack_TestTests.xctest; sourceTree = BUILT_PRODUCTS_DIR; };
		ECFE952819593358001575C3 /* XCTest.framework */ = {isa = PBXFileReference; lastKnownFileType = wrapper.framework; name = XCTest.framework; path = Library/Frameworks/XCTest.framework; sourceTree = DEVELOPER_DIR; };
		ECFE953019593358001575C3 /* LeeJack_TestTests-Info.plist */ = {isa = PBXFileReference; lastKnownFileType = text.plist.xml; path = "LeeJack_TestTests-Info.plist"; sourceTree = "<group>"; };
		ECFE953219593358001575C3 /* en */ = {isa = PBXFileReference; lastKnownFileType = text.plist.strings; name = en; path = en.lproj/InfoPlist.strings; sourceTree = "<group>"; };
		ECFE953419593358001575C3 /* LeeJack_TestTests.m */ = {isa = PBXFileReference; lastKnownFileType = sourcecode.c.objc; path = LeeJack_TestTests.m; sourceTree = "<group>"; };
/* End PBXFileReference section */

/* Begin PBXFrameworksBuildPhase section */
		ECFE94FD19593358001575C3 /* Frameworks */ = {
			isa = PBXFrameworksBuildPhase;
			buildActionMask = 2147483647;
			files = (
				ECFE950619593358001575C3 /* CoreGraphics.framework in Frameworks */,
				ECFE950819593358001575C3 /* UIKit.framework in Frameworks */,
				ECFE950419593358001575C3 /* Foundation.framework in Frameworks */,
			);
			runOnlyForDeploymentPostprocessing = 0;
		};
		ECFE952419593358001575C3 /* Frameworks */ = {
			isa = PBXFrameworksBuildPhase;
			buildActionMask = 2147483647;
			files = (
				ECFE952919593358001575C3 /* XCTest.framework in Frameworks */,
				ECFE952B19593358001575C3 /* UIKit.framework in Frameworks */,
				ECFE952A19593358001575C3 /* Foundation.framework in Frameworks */,
			);
			runOnlyForDeploymentPostprocessing = 0;
		};
/* End PBXFrameworksBuildPhase section */

/* Begin PBXGroup section */
		ECFE94F719593358001575C3 = {
			isa = PBXGroup;
			children = (
				ECFE950919593358001575C3 /* LeeJack_Test */,
				ECFE952E19593358001575C3 /* LeeJack_TestTests */,
				ECFE950219593358001575C3 /* Frameworks */,
				ECFE950119593358001575C3 /* Products */,
			);
			sourceTree = "<group>";
		};
		ECFE950119593358001575C3 /* Products */ = {
			isa = PBXGroup;
			children = (
				ECFE950019593358001575C3 /* LeeJack_Test.app */,
				ECFE952719593358001575C3 /* LeeJack_TestTests.xctest */,
			);
			name = Products;
			sourceTree = "<group>";
		};
		ECFE950219593358001575C3 /* Frameworks */ = {
			isa = PBXGroup;
			children = (
				ECFE950319593358001575C3 /* Foundation.framework */,
				ECFE950519593358001575C3 /* CoreGraphics.framework */,
				ECFE950719593358001575C3 /* UIKit.framework */,
				ECFE952819593358001575C3 /* XCTest.framework */,
			);
			name = Frameworks;
			sourceTree = "<group>";
		};
		ECFE950919593358001575C3 /* LeeJack_Test */ = {
			isa = PBXGroup;
			children = (
				ECFE951219593358001575C3 /* AppDelegate.h */,
				ECFE951319593358001575C3 /* AppDelegate.m */,
				ECFE951519593358001575C3 /* Main_iPhone.storyboard */,
				ECFE951819593358001575C3 /* Main_iPad.storyboard */,
				ECFE951B19593358001575C3 /* MainViewController.h */,
				ECFE951C19593358001575C3 /* MainViewController.m */,
				ECFE951E19593358001575C3 /* FlipsideViewController.h */,
				ECFE951F19593358001575C3 /* FlipsideViewController.m */,
				ECFE952119593358001575C3 /* Images.xcassets */,
				ECFE950A19593358001575C3 /* Supporting Files */,
			);
			path = LeeJack_Test;
			sourceTree = "<group>";
		};
		ECFE950A19593358001575C3 /* Supporting Files */ = {
			isa = PBXGroup;
			children = (
				ECFE950B19593358001575C3 /* LeeJack_Test-Info.plist */,
				ECFE950C19593358001575C3 /* InfoPlist.strings */,
				ECFE950F19593358001575C3 /* main.m */,
				ECFE951119593358001575C3 /* LeeJack_Test-Prefix.pch */,
			);
			name = "Supporting Files";
			sourceTree = "<group>";
		};
		ECFE952E19593358001575C3 /* LeeJack_TestTests */ = {
			isa = PBXGroup;
			children = (
				ECFE953419593358001575C3 /* LeeJack_TestTests.m */,
				ECFE952F19593358001575C3 /* Supporting Files */,
			);
			path = LeeJack_TestTests;
			sourceTree = "<group>";
		};
		ECFE952F19593358001575C3 /* Supporting Files */ = {
			isa = PBXGroup;
			children = (
				ECFE953019593358001575C3 /* LeeJack_TestTests-Info.plist */,
				ECFE953119593358001575C3 /* InfoPlist.strings */,
			);
			name = "Supporting Files";
			sourceTree = "<group>";
		};
/* End PBXGroup section */

/* Begin PBXNativeTarget section */
		ECFE94FF19593358001575C3 /* LeeJack_Test */ = {
			isa = PBXNativeTarget;
			buildConfigurationList = ECFE953819593358001575C3 /* Build configuration list for PBXNativeTarget "LeeJack_Test" */;
			buildPhases = (
				ECFE94FC19593358001575C3 /* Sources */,
				ECFE94FD19593358001575C3 /* Frameworks */,
				ECFE94FE19593358001575C3 /* Resources */,
			);
			buildRules = (
			);
			dependencies = (
			);
			name = LeeJack_Test;
			productName = LeeJack_Test;
			productReference = ECFE950019593358001575C3 /* LeeJack_Test.app */;
			productType = "com.apple.product-type.application";
		};
		ECFE952619593358001575C3 /* LeeJack_TestTests */ = {
			isa = PBXNativeTarget;
			buildConfigurationList = ECFE953B19593358001575C3 /* Build configuration list for PBXNativeTarget "LeeJack_TestTests" */;
			buildPhases = (
				ECFE952319593358001575C3 /* Sources */,
				ECFE952419593358001575C3 /* Frameworks */,
				ECFE952519593358001575C3 /* Resources */,
			);
			buildRules = (
			);
			dependencies = (
				ECFE952D19593358001575C3 /* PBXTargetDependency */,
			);
			name = LeeJack_TestTests;
			productName = LeeJack_TestTests;
			productReference = ECFE952719593358001575C3 /* LeeJack_TestTests.xctest */;
			productType = "com.apple.product-type.bundle.unit-test";
		};
/* End PBXNativeTarget section */

/* Begin PBXProject section */
		ECFE94F819593358001575C3 /* Project object */ = {
			isa = PBXProject;
			attributes = {
				LastUpgradeCheck = 0510;
				ORGANIZATIONNAME = LiteGear;
				TargetAttributes = {
					ECFE952619593358001575C3 = {
						TestTargetID = ECFE94FF19593358001575C3;
					};
				};
			};
			buildConfigurationList = ECFE94FB19593358001575C3 /* Build configuration list for PBXProject "LeeJack_Test" */;
			compatibilityVersion = "Xcode 3.2";
			developmentRegion = English;
			hasScannedForEncodings = 0;
			knownRegions = (
				en,
				Base,
			);
			mainGroup = ECFE94F719593358001575C3;
			productRefGroup = ECFE950119593358001575C3 /* Products */;
			projectDirPath = "";
			projectRoot = "";
			targets = (
				ECFE94FF19593358001575C3 /* LeeJack_Test */,
				ECFE952619593358001575C3 /* LeeJack_TestTests */,
			);
		};
/* End PBXProject section */

/* Begin PBXResourcesBuildPhase section */
		ECFE94FE19593358001575C3 /* Resources */ = {
			isa = PBXResourcesBuildPhase;
			buildActionMask = 2147483647;
			files = (
				ECFE951A19593358001575C3 /* Main_iPad.storyboard in Resources */,
				ECFE952219593358001575C3 /* Images.xcassets in Resources */,
				ECFE951719593358001575C3 /* Main_iPhone.storyboard in Resources */,
				ECFE950E19593358001575C3 /* InfoPlist.strings in Resources */,
			);
			runOnlyForDeploymentPostprocessing = 0;
		};
		ECFE952519593358001575C3 /* Resources */ = {
			isa = PBXResourcesBuildPhase;
			buildActionMask = 2147483647;
			files = (
				ECFE953319593358001575C3 /* InfoPlist.strings in Resources */,
			);
			runOnlyForDeploymentPostprocessing = 0;
		};
/* End PBXResourcesBuildPhase section */

/* Begin PBXSourcesBuildPhase section */
		ECFE94FC19593358001575C3 /* Sources */ = {
			isa = PBXSourcesBuildPhase;
			buildActionMask = 2147483647;
			files = (
				ECFE951419593358001575C3 /* AppDelegate.m in Sources */,
				ECFE951D19593358001575C3 /* MainViewController.m in Sources */,
				ECFE952019593358001575C3 /* FlipsideViewController.m in Sources */,
				ECFE951019593358001575C3 /* main.m in Sources */,
			);
			runOnlyForDeploymentPostprocessing = 0;
		};
		ECFE952319593358001575C3 /* Sources */ = {
			isa = PBXSourcesBuildPhase;
			buildActionMask = 2147483647;
			files = (
				ECFE953519593358001575C3 /* LeeJack_TestTests.m in Sources */,
			);
			runOnlyForDeploymentPostprocessing = 0;
		};
/* End PBXSourcesBuildPhase section */

/* Begin PBXTargetDependency section */
		ECFE952D19593358001575C3 /* PBXTargetDependency */ = {
			isa = PBXTargetDependency;
			target = ECFE94FF19593358001575C3 /* LeeJack_Test */;
			targetProxy = ECFE952C19593358001575C3 /* PBXContainerItemProxy */;
		};
/* End PBXTargetDependency section */

/* Begin PBXVariantGroup section */
		ECFE950C19593358001575C3 /* InfoPlist.strings */ = {
			isa = PBXVariantGroup;
			children = (
				ECFE950D19593358001575C3 /* en */,
			);
			name = InfoPlist.strings;
			sourceTree = "<group>";
		};
		ECFE951519593358001575C3 /* Main_iPhone.storyboard */ = {
			isa = PBXVariantGroup;
			children = (
				ECFE951619593358001575C3 /* Base */,
			);
			name = Main_iPhone.storyboard;
			sourceTree = "<group>";
		};
		ECFE951819593358001575C3 /* Main_iPad.storyboard */ = {
			isa = PBXVariantGroup;
			children = (
				ECFE951919593358001575C3 /* Base */,
			);
			name = Main_iPad.storyboard;
			sourceTree = "<group>";
		};
		ECFE953119593358001575C3 /* InfoPlist.strings */ = {
			isa = PBXVariantGroup;
			children = (
				ECFE953219593358001575C3 /* en */,
			);
			name = InfoPlist.strings;
			sourceTree = "<group>";
		};
/* End PBXVariantGroup section */

/* Begin XCBuildConfiguration section */
		ECFE953619593358001575C3 /* Debug */ = {
			isa = XCBuildConfiguration;
			buildSettings = {
				ALWAYS_SEARCH_USER_PATHS = NO;
				CLANG_CXX_LANGUAGE_STANDARD = "gnu++0x";
				CLANG_CXX_LIBRARY = "libc++";
				CLANG_ENABLE_MODULES = YES;
				CLANG_ENABLE_OBJC_ARC = YES;
				CLANG_WARN_BOOL_CONVERSION = YES;
				CLANG_WARN_CONSTANT_CONVERSION = YES;
				CLANG_WARN_DIRECT_OBJC_ISA_USAGE = YES_ERROR;
				CLANG_WARN_EMPTY_BODY = YES;
				CLANG_WARN_ENUM_CONVERSION = YES;
				CLANG_WARN_INT_CONVERSION = YES;
				CLANG_WARN_OBJC_ROOT_CLASS = YES_ERROR;
				CLANG_WARN__DUPLICATE_METHOD_MATCH = YES;
				"CODE_SIGN_IDENTITY[sdk=iphoneos*]" = "iPhone Developer";
				COPY_PHASE_STRIP = NO;
				GCC_C_LANGUAGE_STANDARD = gnu99;
				GCC_DYNAMIC_NO_PIC = NO;
				GCC_OPTIMIZATION_LEVEL = 0;
				GCC_PREPROCESSOR_DEFINITIONS = (
					"DEBUG=1",
					"$(inherited)",
				);
				GCC_SYMBOLS_PRIVATE_EXTERN = NO;
				GCC_WARN_64_TO_32_BIT_CONVERSION = YES;
				GCC_WARN_ABOUT_RETURN_TYPE = YES_ERROR;
				GCC_WARN_UNDECLARED_SELECTOR = YES;
				GCC_WARN_UNINITIALIZED_AUTOS = YES_AGGRESSIVE;
				GCC_WARN_UNUSED_FUNCTION = YES;
				GCC_WARN_UNUSED_VARIABLE = YES;
				IPHONEOS_DEPLOYMENT_TARGET = 7.1;
				ONLY_ACTIVE_ARCH = YES;
				SDKROOT = iphoneos;
				TARGETED_DEVICE_FAMILY = "1,2";
			};
			name = Debug;
		};
		ECFE953719593358001575C3 /* Release */ = {
			isa = XCBuildConfiguration;
			buildSettings = {
				ALWAYS_SEARCH_USER_PATHS = NO;
				CLANG_CXX_LANGUAGE_STANDARD = "gnu++0x";
				CLANG_CXX_LIBRARY = "libc++";
				CLANG_ENABLE_MODULES = YES;
				CLANG_ENABLE_OBJC_ARC = YES;
				CLANG_WARN_BOOL_CONVERSION = YES;
				CLANG_WARN_CONSTANT_CONVERSION = YES;
				CLANG_WARN_DIRECT_OBJC_ISA_USAGE = YES_ERROR;
				CLANG_WARN_EMPTY_BODY = YES;
				CLANG_WARN_ENUM_CONVERSION = YES;
				CLANG_WARN_INT_CONVERSION = YES;
				CLANG_WARN_OBJC_ROOT_CLASS = YES_ERROR;
				CLANG_WARN__DUPLICATE_METHOD_MATCH = YES;
				"CODE_SIGN_IDENTITY[sdk=iphoneos*]" = "iPhone Developer";
				COPY_PHASE_STRIP = YES;
				ENABLE_NS_ASSERTIONS = NO;
				GCC_C_LANGUAGE_STANDARD = gnu99;
				GCC_WARN_64_TO_32_BIT_CONVERSION = YES;
				GCC_WARN_ABOUT_RETURN_TYPE = YES_ERROR;
				GCC_WARN_UNDECLARED_SELECTOR = YES;
				GCC_WARN_UNINITIALIZED_AUTOS = YES_AGGRESSIVE;
				GCC_WARN_UNUSED_FUNCTION = YES;
				GCC_WARN_UNUSED_VARIABLE = YES;
				IPHONEOS_DEPLOYMENT_TARGET = 7.1;
				SDKROOT = iphoneos;
				TARGETED_DEVICE_FAMILY = "1,2";
				VALIDATE_PRODUCT = YES;
			};
			name = Release;
		};
		ECFE953919593358001575C3 /* Debug */ = {
			isa = XCBuildConfiguration;
			buildSettings = {
				ASSETCATALOG_COMPILER_APPICON_NAME = AppIcon;
				ASSETCATALOG_COMPILER_LAUNCHIMAGE_NAME = LaunchImage;
				GCC_PRECOMPILE_PREFIX_HEADER = YES;
				GCC_PREFIX_HEADER = "LeeJack_Test/LeeJack_Test-Prefix.pch";
				INFOPLIST_FILE = "LeeJack_Test/LeeJack_Test-Info.plist";
				PRODUCT_NAME = "$(TARGET_NAME)";
				WRAPPER_EXTENSION = app;
			};
			name = Debug;
		};
		ECFE953A19593358001575C3 /* Release */ = {
			isa = XCBuildConfiguration;
			buildSettings = {
				ASSETCATALOG_COMPILER_APPICON_NAME = AppIcon;
				ASSETCATALOG_COMPILER_LAUNCHIMAGE_NAME = LaunchImage;
				GCC_PRECOMPILE_PREFIX_HEADER = YES;
				GCC_PREFIX_HEADER = "LeeJack_Test/LeeJack_Test-Prefix.pch";
				INFOPLIST_FILE = "LeeJack_Test/LeeJack_Test-Info.plist";
				PRODUCT_NAME = "$(TARGET_NAME)";
				WRAPPER_EXTENSION = app;
			};
			name = Release;
		};
		ECFE953C19593358001575C3 /* Debug */ = {
			isa = XCBuildConfiguration;
			buildSettings = {
				BUNDLE_LOADER = "$(BUILT_PRODUCTS_DIR)/LeeJack_Test.app/LeeJack_Test";
				FRAMEWORK_SEARCH_PATHS = (
					"$(SDKROOT)/Developer/Library/Frameworks",
					"$(inherited)",
					"$(DEVELOPER_FRAMEWORKS_DIR)",
				);
				GCC_PRECOMPILE_PREFIX_HEADER = YES;
				GCC_PREFIX_HEADER = "LeeJack_Test/LeeJack_Test-Prefix.pch";
				GCC_PREPROCESSOR_DEFINITIONS = (
					"DEBUG=1",
					"$(inherited)",
				);
				INFOPLIST_FILE = "LeeJack_TestTests/LeeJack_TestTests-Info.plist";
				PRODUCT_NAME = "$(TARGET_NAME)";
				TEST_HOST = "$(BUNDLE_LOADER)";
				WRAPPER_EXTENSION = xctest;
			};
			name = Debug;
		};
		ECFE953D19593358001575C3 /* Release */ = {
			isa = XCBuildConfiguration;
			buildSettings = {
				BUNDLE_LOADER = "$(BUILT_PRODUCTS_DIR)/LeeJack_Test.app/LeeJack_Test";
				FRAMEWORK_SEARCH_PATHS = (
					"$(SDKROOT)/Developer/Library/Frameworks",
					"$(inherited)",
					"$(DEVELOPER_FRAMEWORKS_DIR)",
				);
				GCC_PRECOMPILE_PREFIX_HEADER = YES;
				GCC_PREFIX_HEADER = "LeeJack_Test/LeeJack_Test-Prefix.pch";
				INFOPLIST_FILE = "LeeJack_TestTests/LeeJack_TestTests-Info.plist";
				PRODUCT_NAME = "$(TARGET_NAME)";
				TEST_HOST = "$(BUNDLE_LOADER)";
				WRAPPER_EXTENSION = xctest;
			};
			name = Release;
		};
/* End XCBuildConfiguration section */

/* Begin XCConfigurationList section */
		ECFE94FB19593358001575C3 /* Build configuration list for PBXProject "LeeJack_Test" */ = {
			isa = XCConfigurationList;
			buildConfigurations = (
				ECFE953619593358001575C3 /* Debug */,
				ECFE953719593358001575C3 /* Release */,
			);
			defaultConfigurationIsVisible = 0;
			defaultConfigurationName = Release;
		};
		ECFE953819593358001575C3 /* Build configuration list for PBXNativeTarget "LeeJack_Test" */ = {
			isa = XCConfigurationList;
			buildConfigurations = (
				ECFE953919593358001575C3 /* Debug */,
				ECFE953A19593358001575C3 /* Release */,
			);
			defaultConfigurationIsVisible = 0;
		};
		ECFE953B19593358001575C3 /* Build configuration list for PBXNativeTarget "LeeJack_TestTests" */ = {
			isa = XCConfigurationList;
			buildConfigurations = (
				ECFE953C19593358001575C3 /* Debug */,
				ECFE953D19593358001575C3 /* Release */,
			);
			defaultConfigurationIsVisible = 0;
		};
/* End XCConfigurationList section */
	};
	rootObject = ECFE94F819593358001575C3 /* Project object */;
}
